
Microsoft Visual Studio Solution File, Format Version 12.00
# Visual Studio Version 16
VisualStudioVersion = 16.0.32630.194
MinimumVisualStudioVersion = 10.0.40219.1
Project("{FAE04EC0-301F-11D3-BF4B-00C04F79EFBC}") = "ShreeGroup.DAL", "ShreeGroup.DAL\ShreeGroup.DAL.csproj", "{8310101A-5E4A-441A-A9C1-3F437175286E}"
EndProject
Project("{FAE04EC0-301F-11D3-BF4B-00C04F79EFBC}") = "ShreeGroup.Models", "ShreeGroup.Models\ShreeGroup.Models.csproj", "{EE6A1271-C066-4579-A050-32AFD553E6A7}"
EndProject
Project("{FAE04EC0-301F-11D3-BF4B-00C04F79EFBC}") = "ShreeGroup", "ShreeGroup\ShreeGroup.csproj", "{6E1FBB25-2131-4A71-ABCE-9CB2E6BE01EA}"
EndProject
Global
	GlobalSection(SolutionConfigurationPlatforms) = preSolution
		Debug|Any CPU = Debug|Any CPU
		Release|Any CPU = Release|Any CPU
	EndGlobalSection
	GlobalSection(ProjectConfigurationPlatforms) = postSolution
		{8310101A-5E4A-441A-A9C1-3F437175286E}.Debug|Any CPU.ActiveCfg = Debug|Any CPU
		{8310101A-5E4A-441A-A9C1-3F437175286E}.Debug|Any CPU.Build.0 = Debug|Any CPU
		{8310101A-5E4A-441A-A9C1-3F437175286E}.Release|Any CPU.ActiveCfg = Release|Any CPU
		{8310101A-5E4A-441A-A9C1-3F437175286E}.Release|Any CPU.Build.0 = Release|Any CPU
		{EE6A1271-C066-4579-A050-32AFD553E6A7}.Debug|Any CPU.ActiveCfg = Debug|Any CPU
		{EE6A1271-C066-4579-A050-32AFD553E6A7}.Debug|Any CPU.Build.0 = Debug|Any CPU
		{EE6A1271-C066-4579-A050-32AFD553E6A7}.Release|Any CPU.ActiveCfg = Release|Any CPU
		{EE6A1271-C066-4579-A050-32AFD553E6A7}.Release|Any CPU.Build.0 = Release|Any CPU
		{6E1FBB25-2131-4A71-ABCE-9CB2E6BE01EA}.Debug|Any CPU.ActiveCfg = Debug|Any CPU
		{6E1FBB25-2131-4A71-ABCE-9CB2E6BE01EA}.Debug|Any CPU.Build.0 = Debug|Any CPU
		{6E1FBB25-2131-4A71-ABCE-9CB2E6BE01EA}.Release|Any CPU.ActiveCfg = Release|Any CPU
		{6E1FBB25-2131-4A71-ABCE-9CB2E6BE01EA}.Release|Any CPU.Build.0 = Release|Any CPU
	EndGlobalSection
	GlobalSection(SolutionProperties) = preSolution
		HideSolutionNode = FALSE
	EndGlobalSection
	GlobalSection(ExtensibilityGlobals) = postSolution
		SolutionGuid = {303ACF8B-BDB3-4649-A7E2-EBF448583B2B}
	EndGlobalSection
EndGlobal
